// !$*UTF8*$!
{
	archiveVersion = 1;
	classes = {
	};
	objectVersion = 46;
	objects = {

/* Begin PBXBuildFile section */
		1721B3111619E1EE007C6BBD /* XMLReader.m in Sources */ = {isa = PBXBuildFile; fileRef = 1721B3101619E1EE007C6BBD /* XMLReader.m */; };
		1725433716187A91009A0FD6 /* NCAddModal.m in Sources */ = {isa = PBXBuildFile; fileRef = 1725433616187A91009A0FD6 /* NCAddModal.m */; };
		1725433A16187C1F009A0FD6 /* NCWindow.m in Sources */ = {isa = PBXBuildFile; fileRef = 1725433916187C1E009A0FD6 /* NCWindow.m */; };
		1759C6001616D83900FE0869 /* Cocoa.framework in Frameworks */ = {isa = PBXBuildFile; fileRef = 1759C5FF1616D83900FE0869 /* Cocoa.framework */; };
		1759C60A1616D83900FE0869 /* InfoPlist.strings in Resources */ = {isa = PBXBuildFile; fileRef = 1759C6081616D83900FE0869 /* InfoPlist.strings */; };
		1759C60C1616D83900FE0869 /* main.m in Sources */ = {isa = PBXBuildFile; fileRef = 1759C60B1616D83900FE0869 /* main.m */; };
		1759C6101616D83900FE0869 /* Credits.rtf in Resources */ = {isa = PBXBuildFile; fileRef = 1759C60E1616D83900FE0869 /* Credits.rtf */; };
		1759C6131616D83900FE0869 /* NCAppDelegate.m in Sources */ = {isa = PBXBuildFile; fileRef = 1759C6121616D83900FE0869 /* NCAppDelegate.m */; };
		1759C6161616D83900FE0869 /* MainMenu.xib in Resources */ = {isa = PBXBuildFile; fileRef = 1759C6141616D83900FE0869 /* MainMenu.xib */; };
		1759C6191616D83A00FE0869 /* Netcaster.xcdatamodeld in Sources */ = {isa = PBXBuildFile; fileRef = 1759C6171616D83A00FE0869 /* Netcaster.xcdatamodeld */; };
		1767E0AE1619895C00D4D2F4 /* NCSourceList.m in Sources */ = {isa = PBXBuildFile; fileRef = 1767E0AD1619895C00D4D2F4 /* NCSourceList.m */; };
		1767E0B61619A0D000D4D2F4 /* Feed.m in Sources */ = {isa = PBXBuildFile; fileRef = 1767E0B51619A0D000D4D2F4 /* Feed.m */; };
		1767E0BA1619A0D000D4D2F4 /* Show.m in Sources */ = {isa = PBXBuildFile; fileRef = 1767E0B91619A0D000D4D2F4 /* Show.m */; };
		1767E0BD1619A0D100D4D2F4 /* Episode.m in Sources */ = {isa = PBXBuildFile; fileRef = 1767E0BC1619A0D100D4D2F4 /* Episode.m */; };
		1767E0C01619A0D100D4D2F4 /* Channel.m in Sources */ = {isa = PBXBuildFile; fileRef = 1767E0BF1619A0D100D4D2F4 /* Channel.m */; };
		1767E0C31619A0D100D4D2F4 /* Enclosure.m in Sources */ = {isa = PBXBuildFile; fileRef = 1767E0C21619A0D100D4D2F4 /* Enclosure.m */; };
		1767E0C61619A0D100D4D2F4 /* Item.m in Sources */ = {isa = PBXBuildFile; fileRef = 1767E0C51619A0D100D4D2F4 /* Item.m */; };
		1767E0C91619A0D100D4D2F4 /* Group.m in Sources */ = {isa = PBXBuildFile; fileRef = 1767E0C81619A0D100D4D2F4 /* Group.m */; };
		1767E0CC1619A0D100D4D2F4 /* Livestream.m in Sources */ = {isa = PBXBuildFile; fileRef = 1767E0CB1619A0D100D4D2F4 /* Livestream.m */; };
		1767E0CF1619A0D100D4D2F4 /* Page.m in Sources */ = {isa = PBXBuildFile; fileRef = 1767E0CE1619A0D100D4D2F4 /* Page.m */; };
/* End PBXBuildFile section */

/* Begin PBXFileReference section */
		1721B30F1619E1EE007C6BBD /* XMLReader.h */ = {isa = PBXFileReference; fileEncoding = 4; lastKnownFileType = sourcecode.c.h; name = XMLReader.h; path = ../XMLReader.h; sourceTree = "<group>"; };
		1721B3101619E1EE007C6BBD /* XMLReader.m */ = {isa = PBXFileReference; fileEncoding = 4; lastKnownFileType = sourcecode.c.objc; name = XMLReader.m; path = ../XMLReader.m; sourceTree = "<group>"; };
		1725433516187A91009A0FD6 /* NCAddModal.h */ = {isa = PBXFileReference; fileEncoding = 4; lastKnownFileType = sourcecode.c.h; path = NCAddModal.h; sourceTree = "<group>"; };
		1725433616187A91009A0FD6 /* NCAddModal.m */ = {isa = PBXFileReference; fileEncoding = 4; lastKnownFileType = sourcecode.c.objc; path = NCAddModal.m; sourceTree = "<group>"; };
		1725433816187C1E009A0FD6 /* NCWindow.h */ = {isa = PBXFileReference; fileEncoding = 4; lastKnownFileType = sourcecode.c.h; path = NCWindow.h; sourceTree = "<group>"; };
		1725433916187C1E009A0FD6 /* NCWindow.m */ = {isa = PBXFileReference; fileEncoding = 4; lastKnownFileType = sourcecode.c.objc; path = NCWindow.m; sourceTree = "<group>"; };
		1759C5FB1616D83900FE0869 /* Netcaster.app */ = {isa = PBXFileReference; explicitFileType = wrapper.application; includeInIndex = 0; path = Netcaster.app; sourceTree = BUILT_PRODUCTS_DIR; };
		1759C5FF1616D83900FE0869 /* Cocoa.framework */ = {isa = PBXFileReference; lastKnownFileType = wrapper.framework; name = Cocoa.framework; path = System/Library/Frameworks/Cocoa.framework; sourceTree = SDKROOT; };
		1759C6021616D83900FE0869 /* AppKit.framework */ = {isa = PBXFileReference; lastKnownFileType = wrapper.framework; name = AppKit.framework; path = System/Library/Frameworks/AppKit.framework; sourceTree = SDKROOT; };
		1759C6031616D83900FE0869 /* CoreData.framework */ = {isa = PBXFileReference; lastKnownFileType = wrapper.framework; name = CoreData.framework; path = System/Library/Frameworks/CoreData.framework; sourceTree = SDKROOT; };
		1759C6041616D83900FE0869 /* Foundation.framework */ = {isa = PBXFileReference; lastKnownFileType = wrapper.framework; name = Foundation.framework; path = System/Library/Frameworks/Foundation.framework; sourceTree = SDKROOT; };
		1759C6071616D83900FE0869 /* Netcaster-Info.plist */ = {isa = PBXFileReference; lastKnownFileType = text.plist.xml; path = "Netcaster-Info.plist"; sourceTree = "<group>"; };
		1759C6091616D83900FE0869 /* en */ = {isa = PBXFileReference; lastKnownFileType = text.plist.strings; name = en; path = en.lproj/InfoPlist.strings; sourceTree = "<group>"; };
		1759C60B1616D83900FE0869 /* main.m */ = {isa = PBXFileReference; lastKnownFileType = sourcecode.c.objc; path = main.m; sourceTree = "<group>"; };
		1759C60D1616D83900FE0869 /* Netcaster-Prefix.pch */ = {isa = PBXFileReference; lastKnownFileType = sourcecode.c.h; path = "Netcaster-Prefix.pch"; sourceTree = "<group>"; };
		1759C60F1616D83900FE0869 /* en */ = {isa = PBXFileReference; lastKnownFileType = text.rtf; name = en; path = en.lproj/Credits.rtf; sourceTree = "<group>"; };
		1759C6111616D83900FE0869 /* NCAppDelegate.h */ = {isa = PBXFileReference; lastKnownFileType = sourcecode.c.h; path = NCAppDelegate.h; sourceTree = "<group>"; };
		1759C6121616D83900FE0869 /* NCAppDelegate.m */ = {isa = PBXFileReference; lastKnownFileType = sourcecode.c.objc; path = NCAppDelegate.m; sourceTree = "<group>"; };
		1759C6151616D83900FE0869 /* en */ = {isa = PBXFileReference; lastKnownFileType = file.xib; name = en; path = en.lproj/MainMenu.xib; sourceTree = "<group>"; };
		1759C6181616D83A00FE0869 /* Netcaster.xcdatamodel */ = {isa = PBXFileReference; lastKnownFileType = wrapper.xcdatamodel; path = Netcaster.xcdatamodel; sourceTree = "<group>"; };
		1767E0AC1619895C00D4D2F4 /* NCSourceList.h */ = {isa = PBXFileReference; fileEncoding = 4; lastKnownFileType = sourcecode.c.h; path = NCSourceList.h; sourceTree = "<group>"; };
		1767E0AD1619895C00D4D2F4 /* NCSourceList.m */ = {isa = PBXFileReference; fileEncoding = 4; lastKnownFileType = sourcecode.c.objc; path = NCSourceList.m; sourceTree = "<group>"; };
		1767E0B41619A0D000D4D2F4 /* Feed.h */ = {isa = PBXFileReference; fileEncoding = 4; lastKnownFileType = sourcecode.c.h; path = Feed.h; sourceTree = "<group>"; };
		1767E0B51619A0D000D4D2F4 /* Feed.m */ = {isa = PBXFileReference; fileEncoding = 4; lastKnownFileType = sourcecode.c.objc; path = Feed.m; sourceTree = "<group>"; };
		1767E0B81619A0D000D4D2F4 /* Show.h */ = {isa = PBXFileReference; fileEncoding = 4; lastKnownFileType = sourcecode.c.h; path = Show.h; sourceTree = "<group>"; };
		1767E0B91619A0D000D4D2F4 /* Show.m */ = {isa = PBXFileReference; fileEncoding = 4; lastKnownFileType = sourcecode.c.objc; path = Show.m; sourceTree = "<group>"; };
		1767E0BB1619A0D100D4D2F4 /* Episode.h */ = {isa = PBXFileReference; fileEncoding = 4; lastKnownFileType = sourcecode.c.h; path = Episode.h; sourceTree = "<group>"; };
		1767E0BC1619A0D100D4D2F4 /* Episode.m */ = {isa = PBXFileReference; fileEncoding = 4; lastKnownFileType = sourcecode.c.objc; path = Episode.m; sourceTree = "<group>"; };
		1767E0BE1619A0D100D4D2F4 /* Channel.h */ = {isa = PBXFileReference; fileEncoding = 4; lastKnownFileType = sourcecode.c.h; path = Channel.h; sourceTree = "<group>"; };
		1767E0BF1619A0D100D4D2F4 /* Channel.m */ = {isa = PBXFileReference; fileEncoding = 4; lastKnownFileType = sourcecode.c.objc; path = Channel.m; sourceTree = "<group>"; };
		1767E0C11619A0D100D4D2F4 /* Enclosure.h */ = {isa = PBXFileReference; fileEncoding = 4; lastKnownFileType = sourcecode.c.h; path = Enclosure.h; sourceTree = "<group>"; };
		1767E0C21619A0D100D4D2F4 /* Enclosure.m */ = {isa = PBXFileReference; fileEncoding = 4; lastKnownFileType = sourcecode.c.objc; path = Enclosure.m; sourceTree = "<group>"; };
		1767E0C41619A0D100D4D2F4 /* Item.h */ = {isa = PBXFileReference; fileEncoding = 4; lastKnownFileType = sourcecode.c.h; path = Item.h; sourceTree = "<group>"; };
		1767E0C51619A0D100D4D2F4 /* Item.m */ = {isa = PBXFileReference; fileEncoding = 4; lastKnownFileType = sourcecode.c.objc; path = Item.m; sourceTree = "<group>"; };
		1767E0C71619A0D100D4D2F4 /* Group.h */ = {isa = PBXFileReference; fileEncoding = 4; lastKnownFileType = sourcecode.c.h; path = Group.h; sourceTree = "<group>"; };
		1767E0C81619A0D100D4D2F4 /* Group.m */ = {isa = PBXFileReference; fileEncoding = 4; lastKnownFileType = sourcecode.c.objc; path = Group.m; sourceTree = "<group>"; };
		1767E0CA1619A0D100D4D2F4 /* Livestream.h */ = {isa = PBXFileReference; fileEncoding = 4; lastKnownFileType = sourcecode.c.h; path = Livestream.h; sourceTree = "<group>"; };
		1767E0CB1619A0D100D4D2F4 /* Livestream.m */ = {isa = PBXFileReference; fileEncoding = 4; lastKnownFileType = sourcecode.c.objc; path = Livestream.m; sourceTree = "<group>"; };
		1767E0CD1619A0D100D4D2F4 /* Page.h */ = {isa = PBXFileReference; fileEncoding = 4; lastKnownFileType = sourcecode.c.h; path = Page.h; sourceTree = "<group>"; };
		1767E0CE1619A0D100D4D2F4 /* Page.m */ = {isa = PBXFileReference; fileEncoding = 4; lastKnownFileType = sourcecode.c.objc; path = Page.m; sourceTree = "<group>"; };
/* End PBXFileReference section */

/* Begin PBXFrameworksBuildPhase section */
		1759C5F81616D83900FE0869 /* Frameworks */ = {
			isa = PBXFrameworksBuildPhase;
			buildActionMask = 2147483647;
			files = (
				1759C6001616D83900FE0869 /* Cocoa.framework in Frameworks */,
			);
			runOnlyForDeploymentPostprocessing = 0;
		};
/* End PBXFrameworksBuildPhase section */

/* Begin PBXGroup section */
		1721B3131619E1FE007C6BBD /* XML */ = {
			isa = PBXGroup;
			children = (
				1721B30F1619E1EE007C6BBD /* XMLReader.h */,
				1721B3101619E1EE007C6BBD /* XMLReader.m */,
			);
			name = XML;
			sourceTree = "<group>";
		};
		1725433416185238009A0FD6 /* Entities */ = {
			isa = PBXGroup;
			children = (
				1767E0CD1619A0D100D4D2F4 /* Page.h */,
				1767E0CE1619A0D100D4D2F4 /* Page.m */,
				1767E0CA1619A0D100D4D2F4 /* Livestream.h */,
				1767E0CB1619A0D100D4D2F4 /* Livestream.m */,
				1767E0C71619A0D100D4D2F4 /* Group.h */,
				1767E0C81619A0D100D4D2F4 /* Group.m */,
				1767E0C41619A0D100D4D2F4 /* Item.h */,
				1767E0C51619A0D100D4D2F4 /* Item.m */,
				1767E0C11619A0D100D4D2F4 /* Enclosure.h */,
				1767E0C21619A0D100D4D2F4 /* Enclosure.m */,
				1767E0BE1619A0D100D4D2F4 /* Channel.h */,
				1767E0BF1619A0D100D4D2F4 /* Channel.m */,
				1767E0BB1619A0D100D4D2F4 /* Episode.h */,
				1767E0BC1619A0D100D4D2F4 /* Episode.m */,
				1767E0B81619A0D000D4D2F4 /* Show.h */,
				1767E0B91619A0D000D4D2F4 /* Show.m */,
				1767E0B41619A0D000D4D2F4 /* Feed.h */,
				1767E0B51619A0D000D4D2F4 /* Feed.m */,
			);
			name = Entities;
			sourceTree = "<group>";
		};
		1759C5F01616D83900FE0869 = {
			isa = PBXGroup;
			children = (
				1759C6051616D83900FE0869 /* Netcaster */,
				1759C5FE1616D83900FE0869 /* Frameworks */,
				1759C5FC1616D83900FE0869 /* Products */,
			);
			sourceTree = "<group>";
		};
		1759C5FC1616D83900FE0869 /* Products */ = {
			isa = PBXGroup;
			children = (
				1759C5FB1616D83900FE0869 /* Netcaster.app */,
			);
			name = Products;
			sourceTree = "<group>";
		};
		1759C5FE1616D83900FE0869 /* Frameworks */ = {
			isa = PBXGroup;
			children = (
				1759C5FF1616D83900FE0869 /* Cocoa.framework */,
				1759C6011616D83900FE0869 /* Other Frameworks */,
			);
			name = Frameworks;
			sourceTree = "<group>";
		};
		1759C6011616D83900FE0869 /* Other Frameworks */ = {
			isa = PBXGroup;
			children = (
				1759C6021616D83900FE0869 /* AppKit.framework */,
				1759C6031616D83900FE0869 /* CoreData.framework */,
				1759C6041616D83900FE0869 /* Foundation.framework */,
			);
			name = "Other Frameworks";
			sourceTree = "<group>";
		};
		1759C6051616D83900FE0869 /* Netcaster */ = {
			isa = PBXGroup;
			children = (
				1759C6111616D83900FE0869 /* NCAppDelegate.h */,
				1759C6121616D83900FE0869 /* NCAppDelegate.m */,
				1759C6141616D83900FE0869 /* MainMenu.xib */,
				1759C6171616D83A00FE0869 /* Netcaster.xcdatamodeld */,
				1725433816187C1E009A0FD6 /* NCWindow.h */,
				1725433916187C1E009A0FD6 /* NCWindow.m */,
				1767E0AC1619895C00D4D2F4 /* NCSourceList.h */,
				1767E0AD1619895C00D4D2F4 /* NCSourceList.m */,
				1725433516187A91009A0FD6 /* NCAddModal.h */,
				1725433616187A91009A0FD6 /* NCAddModal.m */,
				1721B3131619E1FE007C6BBD /* XML */,
				1725433416185238009A0FD6 /* Entities */,
				1759C6061616D83900FE0869 /* Supporting Files */,
			);
			path = Netcaster;
			sourceTree = "<group>";
		};
		1759C6061616D83900FE0869 /* Supporting Files */ = {
			isa = PBXGroup;
			children = (
				1759C6071616D83900FE0869 /* Netcaster-Info.plist */,
				1759C6081616D83900FE0869 /* InfoPlist.strings */,
				1759C60B1616D83900FE0869 /* main.m */,
				1759C60D1616D83900FE0869 /* Netcaster-Prefix.pch */,
				1759C60E1616D83900FE0869 /* Credits.rtf */,
			);
			name = "Supporting Files";
			sourceTree = "<group>";
		};
/* End PBXGroup section */

/* Begin PBXNativeTarget section */
		1759C5FA1616D83900FE0869 /* Netcaster */ = {
			isa = PBXNativeTarget;
			buildConfigurationList = 1759C61C1616D83A00FE0869 /* Build configuration list for PBXNativeTarget "Netcaster" */;
			buildPhases = (
				1759C5F71616D83900FE0869 /* Sources */,
				1759C5F81616D83900FE0869 /* Frameworks */,
				1759C5F91616D83900FE0869 /* Resources */,
			);
			buildRules = (
			);
			dependencies = (
			);
			name = Netcaster;
			productName = Netcaster;
			productReference = 1759C5FB1616D83900FE0869 /* Netcaster.app */;
			productType = "com.apple.product-type.application";
		};
/* End PBXNativeTarget section */

/* Begin PBXProject section */
		1759C5F21616D83900FE0869 /* Project object */ = {
			isa = PBXProject;
			attributes = {
				CLASSPREFIX = NC;
				LastUpgradeCheck = 0450;
				ORGANIZATIONNAME = "Stuart Moore";
			};
			buildConfigurationList = 1759C5F51616D83900FE0869 /* Build configuration list for PBXProject "Netcaster" */;
			compatibilityVersion = "Xcode 3.2";
			developmentRegion = English;
			hasScannedForEncodings = 0;
			knownRegions = (
				en,
			);
			mainGroup = 1759C5F01616D83900FE0869;
			productRefGroup = 1759C5FC1616D83900FE0869 /* Products */;
			projectDirPath = "";
			projectRoot = "";
			targets = (
				1759C5FA1616D83900FE0869 /* Netcaster */,
			);
		};
/* End PBXProject section */

/* Begin PBXResourcesBuildPhase section */
		1759C5F91616D83900FE0869 /* Resources */ = {
			isa = PBXResourcesBuildPhase;
			buildActionMask = 2147483647;
			files = (
				1759C60A1616D83900FE0869 /* InfoPlist.strings in Resources */,
				1759C6101616D83900FE0869 /* Credits.rtf in Resources */,
				1759C6161616D83900FE0869 /* MainMenu.xib in Resources */,
			);
			runOnlyForDeploymentPostprocessing = 0;
		};
/* End PBXResourcesBuildPhase section */

/* Begin PBXSourcesBuildPhase section */
		1759C5F71616D83900FE0869 /* Sources */ = {
			isa = PBXSourcesBuildPhase;
			buildActionMask = 2147483647;
			files = (
				1759C60C1616D83900FE0869 /* main.m in Sources */,
				1759C6131616D83900FE0869 /* NCAppDelegate.m in Sources */,
				1759C6191616D83A00FE0869 /* Netcaster.xcdatamodeld in Sources */,
				1725433716187A91009A0FD6 /* NCAddModal.m in Sources */,
				1725433A16187C1F009A0FD6 /* NCWindow.m in Sources */,
				1767E0AE1619895C00D4D2F4 /* NCSourceList.m in Sources */,
				1767E0B61619A0D000D4D2F4 /* Feed.m in Sources */,
				1767E0BA1619A0D000D4D2F4 /* Show.m in Sources */,
				1767E0BD1619A0D100D4D2F4 /* Episode.m in Sources */,
				1767E0C01619A0D100D4D2F4 /* Channel.m in Sources */,
				1767E0C31619A0D100D4D2F4 /* Enclosure.m in Sources */,
				1767E0C61619A0D100D4D2F4 /* Item.m in Sources */,
				1767E0C91619A0D100D4D2F4 /* Group.m in Sources */,
				1767E0CC1619A0D100D4D2F4 /* Livestream.m in Sources */,
				1767E0CF1619A0D100D4D2F4 /* Page.m in Sources */,
				1721B3111619E1EE007C6BBD /* XMLReader.m in Sources */,
			);
			runOnlyForDeploymentPostprocessing = 0;
		};
/* End PBXSourcesBuildPhase section */

/* Begin PBXVariantGroup section */
		1759C6081616D83900FE0869 /* InfoPlist.strings */ = {
			isa = PBXVariantGroup;
			children = (
				1759C6091616D83900FE0869 /* en */,
			);
			name = InfoPlist.strings;
			sourceTree = "<group>";
		};
		1759C60E1616D83900FE0869 /* Credits.rtf */ = {
			isa = PBXVariantGroup;
			children = (
				1759C60F1616D83900FE0869 /* en */,
			);
			name = Credits.rtf;
			sourceTree = "<group>";
		};
		1759C6141616D83900FE0869 /* MainMenu.xib */ = {
			isa = PBXVariantGroup;
			children = (
				1759C6151616D83900FE0869 /* en */,
			);
			name = MainMenu.xib;
			sourceTree = "<group>";
		};
/* End PBXVariantGroup section */

/* Begin XCBuildConfiguration section */
		1759C61A1616D83A00FE0869 /* Debug */ = {
			isa = XCBuildConfiguration;
			buildSettings = {
				ALWAYS_SEARCH_USER_PATHS = NO;
				ARCHS = "$(ARCHS_STANDARD_64_BIT)";
				CLANG_CXX_LANGUAGE_STANDARD = "gnu++0x";
				CLANG_CXX_LIBRARY = "libc++";
				CLANG_ENABLE_OBJC_ARC = YES;
				CLANG_WARN_EMPTY_BODY = YES;
				CLANG_WARN__DUPLICATE_METHOD_MATCH = YES;
				COPY_PHASE_STRIP = NO;
				GCC_C_LANGUAGE_STANDARD = gnu99;
				GCC_DYNAMIC_NO_PIC = NO;
				GCC_ENABLE_OBJC_EXCEPTIONS = YES;
				GCC_OPTIMIZATION_LEVEL = 0;
				GCC_PREPROCESSOR_DEFINITIONS = (
					"DEBUG=1",
					"$(inherited)",
				);
				GCC_SYMBOLS_PRIVATE_EXTERN = NO;
				GCC_WARN_64_TO_32_BIT_CONVERSION = YES;
				GCC_WARN_ABOUT_RETURN_TYPE = YES;
				GCC_WARN_UNINITIALIZED_AUTOS = YES;
				GCC_WARN_UNUSED_VARIABLE = YES;
				MACOSX_DEPLOYMENT_TARGET = 10.8;
				ONLY_ACTIVE_ARCH = YES;
				SDKROOT = macosx;
			};
			name = Debug;
		};
		1759C61B1616D83A00FE0869 /* Release */ = {
			isa = XCBuildConfiguration;
			buildSettings = {
				ALWAYS_SEARCH_USER_PATHS = NO;
				ARCHS = "$(ARCHS_STANDARD_64_BIT)";
				CLANG_CXX_LANGUAGE_STANDARD = "gnu++0x";
				CLANG_CXX_LIBRARY = "libc++";
				CLANG_ENABLE_OBJC_ARC = YES;
				CLANG_WARN_EMPTY_BODY = YES;
				CLANG_WARN__DUPLICATE_METHOD_MATCH = YES;
				COPY_PHASE_STRIP = YES;
				DEBUG_INFORMATION_FORMAT = "dwarf-with-dsym";
				GCC_C_LANGUAGE_STANDARD = gnu99;
				GCC_ENABLE_OBJC_EXCEPTIONS = YES;
				GCC_WARN_64_TO_32_BIT_CONVERSION = YES;
				GCC_WARN_ABOUT_RETURN_TYPE = YES;
				GCC_WARN_UNINITIALIZED_AUTOS = YES;
				GCC_WARN_UNUSED_VARIABLE = YES;
				MACOSX_DEPLOYMENT_TARGET = 10.8;
				SDKROOT = macosx;
			};
			name = Release;
		};
		1759C61D1616D83A00FE0869 /* Debug */ = {
			isa = XCBuildConfiguration;
			buildSettings = {
				COMBINE_HIDPI_IMAGES = YES;
				GCC_PRECOMPILE_PREFIX_HEADER = YES;
				GCC_PREFIX_HEADER = "Netcaster/Netcaster-Prefix.pch";
				INFOPLIST_FILE = "Netcaster/Netcaster-Info.plist";
				PRODUCT_NAME = "$(TARGET_NAME)";
				WRAPPER_EXTENSION = app;
			};
			name = Debug;
		};
		1759C61E1616D83A00FE0869 /* Release */ = {
			isa = XCBuildConfiguration;
			buildSettings = {
				COMBINE_HIDPI_IMAGES = YES;
				GCC_PRECOMPILE_PREFIX_HEADER = YES;
				GCC_PREFIX_HEADER = "Netcaster/Netcaster-Prefix.pch";
				INFOPLIST_FILE = "Netcaster/Netcaster-Info.plist";
				PRODUCT_NAME = "$(TARGET_NAME)";
				WRAPPER_EXTENSION = app;
			};
			name = Release;
		};
/* End XCBuildConfiguration section */

/* Begin XCConfigurationList section */
		1759C5F51616D83900FE0869 /* Build configuration list for PBXProject "Netcaster" */ = {
			isa = XCConfigurationList;
			buildConfigurations = (
				1759C61A1616D83A00FE0869 /* Debug */,
				1759C61B1616D83A00FE0869 /* Release */,
			);
			defaultConfigurationIsVisible = 0;
			defaultConfigurationName = Release;
		};
		1759C61C1616D83A00FE0869 /* Build configuration list for PBXNativeTarget "Netcaster" */ = {
			isa = XCConfigurationList;
			buildConfigurations = (
				1759C61D1616D83A00FE0869 /* Debug */,
				1759C61E1616D83A00FE0869 /* Release */,
			);
			defaultConfigurationIsVisible = 0;
			defaultConfigurationName = Release;
		};
/* End XCConfigurationList section */

/* Begin XCVersionGroup section */
		1759C6171616D83A00FE0869 /* Netcaster.xcdatamodeld */ = {
			isa = XCVersionGroup;
			children = (
				1759C6181616D83A00FE0869 /* Netcaster.xcdatamodel */,
			);
			currentVersion = 1759C6181616D83A00FE0869 /* Netcaster.xcdatamodel */;
			path = Netcaster.xcdatamodeld;
			sourceTree = "<group>";
			versionGroupType = wrapper.xcdatamodel;
		};
/* End XCVersionGroup section */
	};
	rootObject = 1759C5F21616D83900FE0869 /* Project object */;
}
